// !$*UTF8*$!
{
	archiveVersion = 1;
	classes = {
	};
	objectVersion = 50;
	objects = {

/* Begin PBXBuildFile section */
		4A8EFE72234F144C005B392F /* AppDelegate.swift in Sources */ = {isa = PBXBuildFile; fileRef = 4A8EFE71234F144C005B392F /* AppDelegate.swift */; };
		4A8EFE74234F144C005B392F /* SceneDelegate.swift in Sources */ = {isa = PBXBuildFile; fileRef = 4A8EFE73234F144C005B392F /* SceneDelegate.swift */; };
		4A8EFE76234F144C005B392F /* ViewController.swift in Sources */ = {isa = PBXBuildFile; fileRef = 4A8EFE75234F144C005B392F /* ViewController.swift */; };
		4A8EFE79234F144C005B392F /* Main.storyboard in Resources */ = {isa = PBXBuildFile; fileRef = 4A8EFE77234F144C005B392F /* Main.storyboard */; };
		4A8EFE7B234F144D005B392F /* Assets.xcassets in Resources */ = {isa = PBXBuildFile; fileRef = 4A8EFE7A234F144D005B392F /* Assets.xcassets */; };
		4A8EFE7E234F144D005B392F /* LaunchScreen.storyboard in Resources */ = {isa = PBXBuildFile; fileRef = 4A8EFE7C234F144D005B392F /* LaunchScreen.storyboard */; };
/* End PBXBuildFile section */

/* Begin PBXFileReference section */
		4A8EFE6E234F144C005B392F /* SimuladorResorte.app */ = {isa = PBXFileReference; explicitFileType = wrapper.application; includeInIndex = 0; path = SimuladorResorte.app; sourceTree = BUILT_PRODUCTS_DIR; };
		4A8EFE71234F144C005B392F /* AppDelegate.swift */ = {isa = PBXFileReference; lastKnownFileType = sourcecode.swift; path = AppDelegate.swift; sourceTree = "<group>"; };
		4A8EFE73234F144C005B392F /* SceneDelegate.swift */ = {isa = PBXFileReference; lastKnownFileType = sourcecode.swift; path = SceneDelegate.swift; sourceTree = "<group>"; };
		4A8EFE75234F144C005B392F /* ViewController.swift */ = {isa = PBXFileReference; lastKnownFileType = sourcecode.swift; path = ViewController.swift; sourceTree = "<group>"; };
		4A8EFE78234F144C005B392F /* Base */ = {isa = PBXFileReference; lastKnownFileType = file.storyboard; name = Base; path = Base.lproj/Main.storyboard; sourceTree = "<group>"; };
		4A8EFE7A234F144D005B392F /* Assets.xcassets */ = {isa = PBXFileReference; lastKnownFileType = folder.assetcatalog; path = Assets.xcassets; sourceTree = "<group>"; };
		4A8EFE7D234F144D005B392F /* Base */ = {isa = PBXFileReference; lastKnownFileType = file.storyboard; name = Base; path = Base.lproj/LaunchScreen.storyboard; sourceTree = "<group>"; };
		4A8EFE7F234F144D005B392F /* Info.plist */ = {isa = PBXFileReference; lastKnownFileType = text.plist.xml; path = Info.plist; sourceTree = "<group>"; };
/* End PBXFileReference section */

/* Begin PBXFrameworksBuildPhase section */
		4A8EFE6B234F144C005B392F /* Frameworks */ = {
			isa = PBXFrameworksBuildPhase;
			buildActionMask = 2147483647;
			files = (
			);
			runOnlyForDeploymentPostprocessing = 0;
		};
/* End PBXFrameworksBuildPhase section */

/* Begin PBXGroup section */
		4A8EFE65234F144C005B392F = {
			isa = PBXGroup;
			children = (
				4A8EFE70234F144C005B392F /* SimuladorResorte */,
				4A8EFE6F234F144C005B392F /* Products */,
			);
			sourceTree = "<group>";
		};
		4A8EFE6F234F144C005B392F /* Products */ = {
			isa = PBXGroup;
			children = (
				4A8EFE6E234F144C005B392F /* SimuladorResorte.app */,
			);
			name = Products;
			sourceTree = "<group>";
		};
		4A8EFE70234F144C005B392F /* SimuladorResorte */ = {
			isa = PBXGroup;
			children = (
				4A8EFE71234F144C005B392F /* AppDelegate.swift */,
				4A8EFE73234F144C005B392F /* SceneDelegate.swift */,
				4A8EFE75234F144C005B392F /* ViewController.swift */,
				4A8EFE77234F144C005B392F /* Main.storyboard */,
				4A8EFE7A234F144D005B392F /* Assets.xcassets */,
				4A8EFE7C234F144D005B392F /* LaunchScreen.storyboard */,
				4A8EFE7F234F144D005B392F /* Info.plist */,
			);
			path = SimuladorResorte;
			sourceTree = "<group>";
		};
/* End PBXGroup section */

/* Begin PBXNativeTarget section */
		4A8EFE6D234F144C005B392F /* SimuladorResorte */ = {
			isa = PBXNativeTarget;
			buildConfigurationList = 4A8EFE82234F144D005B392F /* Build configuration list for PBXNativeTarget "SimuladorResorte" */;
			buildPhases = (
				4A8EFE6A234F144C005B392F /* Sources */,
				4A8EFE6B234F144C005B392F /* Frameworks */,
				4A8EFE6C234F144C005B392F /* Resources */,
			);
			buildRules = (
			);
			dependencies = (
			);
			name = SimuladorResorte;
			productName = SimuladorResorte;
			productReference = 4A8EFE6E234F144C005B392F /* SimuladorResorte.app */;
			productType = "com.apple.product-type.application";
		};
/* End PBXNativeTarget section */

/* Begin PBXProject section */
		4A8EFE66234F144C005B392F /* Project object */ = {
			isa = PBXProject;
			attributes = {
				LastSwiftUpdateCheck = 1100;
				LastUpgradeCheck = 1100;
				ORGANIZATIONNAME = Itesm;
				TargetAttributes = {
					4A8EFE6D234F144C005B392F = {
						CreatedOnToolsVersion = 11.0;
					};
				};
			};
			buildConfigurationList = 4A8EFE69234F144C005B392F /* Build configuration list for PBXProject "SimuladorResorte" */;
			compatibilityVersion = "Xcode 9.3";
			developmentRegion = en;
			hasScannedForEncodings = 0;
			knownRegions = (
				en,
				Base,
			);
			mainGroup = 4A8EFE65234F144C005B392F;
			productRefGroup = 4A8EFE6F234F144C005B392F /* Products */;
			projectDirPath = "";
			projectRoot = "";
			targets = (
				4A8EFE6D234F144C005B392F /* SimuladorResorte */,
			);
		};
/* End PBXProject section */

/* Begin PBXResourcesBuildPhase section */
		4A8EFE6C234F144C005B392F /* Resources */ = {
			isa = PBXResourcesBuildPhase;
			buildActionMask = 2147483647;
			files = (
				4A8EFE7E234F144D005B392F /* LaunchScreen.storyboard in Resources */,
				4A8EFE7B234F144D005B392F /* Assets.xcassets in Resources */,
				4A8EFE79234F144C005B392F /* Main.storyboard in Resources */,
			);
			runOnlyForDeploymentPostprocessing = 0;
		};
/* End PBXResourcesBuildPhase section */

/* Begin PBXSourcesBuildPhase section */
		4A8EFE6A234F144C005B392F /* Sources */ = {
			isa = PBXSourcesBuildPhase;
			buildActionMask = 2147483647;
			files = (
				4A8EFE76234F144C005B392F /* ViewController.swift in Sources */,
				4A8EFE72234F144C005B392F /* AppDelegate.swift in Sources */,
				4A8EFE74234F144C005B392F /* SceneDelegate.swift in Sources */,
			);
			runOnlyForDeploymentPostprocessing = 0;
		};
/* End PBXSourcesBuildPhase section */

/* Begin PBXVariantGroup section */
		4A8EFE77234F144C005B392F /* Main.storyboard */ = {
			isa = PBXVariantGroup;
			children = (
				4A8EFE78234F144C005B392F /* Base */,
			);
			name = Main.storyboard;
			sourceTree = "<group>";
		};
		4A8EFE7C234F144D005B392F /* LaunchScreen.storyboard */ = {
			isa = PBXVariantGroup;
			children = (
				4A8EFE7D234F144D005B392F /* Base */,
			);
			name = LaunchScreen.storyboard;
			sourceTree = "<group>";
		};
/* End PBXVariantGroup section */

/* Begin XCBuildConfiguration section */
		4A8EFE80234F144D005B392F /* Debug */ = {
			isa = XCBuildConfiguration;
			buildSettings = {
				ALWAYS_SEARCH_USER_PATHS = NO;
				CLANG_ANALYZER_NONNULL = YES;
				CLANG_ANALYZER_NUMBER_OBJECT_CONVERSION = YES_AGGRESSIVE;
				CLANG_CXX_LANGUAGE_STANDARD = "gnu++14";
				CLANG_CXX_LIBRARY = "libc++";
				CLANG_ENABLE_MODULES = YES;
				CLANG_ENABLE_OBJC_ARC = YES;
				CLANG_ENABLE_OBJC_WEAK = YES;
				CLANG_WARN_BLOCK_CAPTURE_AUTORELEASING = YES;
				CLANG_WARN_BOOL_CONVERSION = YES;
				CLANG_WARN_COMMA = YES;
				CLANG_WARN_CONSTANT_CONVERSION = YES;
				CLANG_WARN_DEPRECATED_OBJC_IMPLEMENTATIONS = YES;
				CLANG_WARN_DIRECT_OBJC_ISA_USAGE = YES_ERROR;
				CLANG_WARN_DOCUMENTATION_COMMENTS = YES;
				CLANG_WARN_EMPTY_BODY = YES;
				CLANG_WARN_ENUM_CONVERSION = YES;
				CLANG_WARN_INFINITE_RECURSION = YES;
				CLANG_WARN_INT_CONVERSION = YES;
				CLANG_WARN_NON_LITERAL_NULL_CONVERSION = YES;
				CLANG_WARN_OBJC_IMPLICIT_RETAIN_SELF = YES;
				CLANG_WARN_OBJC_LITERAL_CONVERSION = YES;
				CLANG_WARN_OBJC_ROOT_CLASS = YES_ERROR;
				CLANG_WARN_RANGE_LOOP_ANALYSIS = YES;
				CLANG_WARN_STRICT_PROTOTYPES = YES;
				CLANG_WARN_SUSPICIOUS_MOVE = YES;
				CLANG_WARN_UNGUARDED_AVAILABILITY = YES_AGGRESSIVE;
				CLANG_WARN_UNREACHABLE_CODE = YES;
				CLANG_WARN__DUPLICATE_METHOD_MATCH = YES;
				COPY_PHASE_STRIP = NO;
				DEBUG_INFORMATION_FORMAT = dwarf;
				ENABLE_STRICT_OBJC_MSGSEND = YES;
				ENABLE_TESTABILITY = YES;
				GCC_C_LANGUAGE_STANDARD = gnu11;
				GCC_DYNAMIC_NO_PIC = NO;
				GCC_NO_COMMON_BLOCKS = YES;
				GCC_OPTIMIZATION_LEVEL = 0;
				GCC_PREPROCESSOR_DEFINITIONS = (
					"DEBUG=1",
					"$(inherited)",
				);
				GCC_WARN_64_TO_32_BIT_CONVERSION = YES;
				GCC_WARN_ABOUT_RETURN_TYPE = YES_ERROR;
				GCC_WARN_UNDECLARED_SELECTOR = YES;
				GCC_WARN_UNINITIALIZED_AUTOS = YES_AGGRESSIVE;
				GCC_WARN_UNUSED_FUNCTION = YES;
				GCC_WARN_UNUSED_VARIABLE = YES;
				IPHONEOS_DEPLOYMENT_TARGET = 13.0;
				MTL_ENABLE_DEBUG_INFO = INCLUDE_SOURCE;
				MTL_FAST_MATH = YES;
				ONLY_ACTIVE_ARCH = YES;
				SDKROOT = iphoneos;
				SWIFT_ACTIVE_COMPILATION_CONDITIONS = DEBUG;
				SWIFT_OPTIMIZATION_LEVEL = "-Onone";
			};
			name = Debug;
		};
		4A8EFE81234F144D005B392F /* Release */ = {
			isa = XCBuildConfiguration;
			buildSettings = {
				ALWAYS_SEARCH_USER_PATHS = NO;
				CLANG_ANALYZER_NONNULL = YES;
				CLANG_ANALYZER_NUMBER_OBJECT_CONVERSION = YES_AGGRESSIVE;
				CLANG_CXX_LANGUAGE_STANDARD = "gnu++14";
				CLANG_CXX_LIBRARY = "libc++";
				CLANG_ENABLE_MODULES = YES;
				CLANG_ENABLE_OBJC_ARC = YES;
				CLANG_ENABLE_OBJC_WEAK = YES;
				CLANG_WARN_BLOCK_CAPTURE_AUTORELEASING = YES;
				CLANG_WARN_BOOL_CONVERSION = YES;
				CLANG_WARN_COMMA = YES;
				CLANG_WARN_CONSTANT_CONVERSION = YES;
				CLANG_WARN_DEPRECATED_OBJC_IMPLEMENTATIONS = YES;
				CLANG_WARN_DIRECT_OBJC_ISA_USAGE = YES_ERROR;
				CLANG_WARN_DOCUMENTATION_COMMENTS = YES;
				CLANG_WARN_EMPTY_BODY = YES;
				CLANG_WARN_ENUM_CONVERSION = YES;
				CLANG_WARN_INFINITE_RECURSION = YES;
				CLANG_WARN_INT_CONVERSION = YES;
				CLANG_WARN_NON_LITERAL_NULL_CONVERSION = YES;
				CLANG_WARN_OBJC_IMPLICIT_RETAIN_SELF = YES;
				CLANG_WARN_OBJC_LITERAL_CONVERSION = YES;
				CLANG_WARN_OBJC_ROOT_CLASS = YES_ERROR;
				CLANG_WARN_RANGE_LOOP_ANALYSIS = YES;
				CLANG_WARN_STRICT_PROTOTYPES = YES;
				CLANG_WARN_SUSPICIOUS_MOVE = YES;
				CLANG_WARN_UNGUARDED_AVAILABILITY = YES_AGGRESSIVE;
				CLANG_WARN_UNREACHABLE_CODE = YES;
				CLANG_WARN__DUPLICATE_METHOD_MATCH = YES;
				COPY_PHASE_STRIP = NO;
				DEBUG_INFORMATION_FORMAT = "dwarf-with-dsym";
				ENABLE_NS_ASSERTIONS = NO;
				ENABLE_STRICT_OBJC_MSGSEND = YES;
				GCC_C_LANGUAGE_STANDARD = gnu11;
				GCC_NO_COMMON_BLOCKS = YES;
				GCC_WARN_64_TO_32_BIT_CONVERSION = YES;
				GCC_WARN_ABOUT_RETURN_TYPE = YES_ERROR;
				GCC_WARN_UNDECLARED_SELECTOR = YES;
				GCC_WARN_UNINITIALIZED_AUTOS = YES_AGGRESSIVE;
				GCC_WARN_UNUSED_FUNCTION = YES;
				GCC_WARN_UNUSED_VARIABLE = YES;
				IPHONEOS_DEPLOYMENT_TARGET = 13.0;
				MTL_ENABLE_DEBUG_INFO = NO;
				MTL_FAST_MATH = YES;
				SDKROOT = iphoneos;
				SWIFT_COMPILATION_MODE = wholemodule;
				SWIFT_OPTIMIZATION_LEVEL = "-O";
				VALIDATE_PRODUCT = YES;
			};
			name = Release;
		};
		4A8EFE83234F144D005B392F /* Debug */ = {
			isa = XCBuildConfiguration;
			buildSettings = {
				ASSETCATALOG_COMPILER_APPICON_NAME = AppIcon;
				CODE_SIGN_STYLE = Automatic;
				INFOPLIST_FILE = SimuladorResorte/Info.plist;
				LD_RUNPATH_SEARCH_PATHS = (
					"$(inherited)",
					"@executable_path/Frameworks",
				);
				PRODUCT_BUNDLE_IDENTIFIER = Itesm.SimuladorResorte;
				PRODUCT_NAME = "$(TARGET_NAME)";
				SWIFT_VERSION = 5.0;
				TARGETED_DEVICE_FAMILY = "1,2";
			};
			name = Debug;
		};
		4A8EFE84234F144D005B392F /* Release */ = {
			isa = XCBuildConfiguration;
			buildSettings = {
				ASSETCATALOG_COMPILER_APPICON_NAME = AppIcon;
				CODE_SIGN_STYLE = Automatic;
				INFOPLIST_FILE = SimuladorResorte/Info.plist;
				LD_RUNPATH_SEARCH_PATHS = (
					"$(inherited)",
					"@executable_path/Frameworks",
				);
				PRODUCT_BUNDLE_IDENTIFIER = Itesm.SimuladorResorte;
				PRODUCT_NAME = "$(TARGET_NAME)";
				SWIFT_VERSION = 5.0;
				TARGETED_DEVICE_FAMILY = "1,2";
			};
			name = Release;
		};
/* End XCBuildConfiguration section */

/* Begin XCConfigurationList section */
		4A8EFE69234F144C005B392F /* Build configuration list for PBXProject "SimuladorResorte" */ = {
			isa = XCConfigurationList;
			buildConfigurations = (
				4A8EFE80234F144D005B392F /* Debug */,
				4A8EFE81234F144D005B392F /* Release */,
			);
			defaultConfigurationIsVisible = 0;
			defaultConfigurationName = Release;
		};
		4A8EFE82234F144D005B392F /* Build configuration list for PBXNativeTarget "SimuladorResorte" */ = {
			isa = XCConfigurationList;
			buildConfigurations = (
				4A8EFE83234F144D005B392F /* Debug */,
				4A8EFE84234F144D005B392F /* Release */,
			);
			defaultConfigurationIsVisible = 0;
			defaultConfigurationName = Release;
		};
/* End XCConfigurationList section */
	};
	rootObject = 4A8EFE66234F144C005B392F /* Project object */;
}
